// !$*UTF8*$!
{
	archiveVersion = 1;
	classes = {
	};
	objectVersion = 46;
	objects = {

/* Begin PBXBuildFile section */
		C90FDF2619E0288500E8A606 /* build_and_test.sh in Resources */ = {isa = PBXBuildFile; fileRef = C90FDF2519E0288500E8A606 /* build_and_test.sh */; };
		C92A473E199F250100FAA789 /* DummySpit.h in Headers */ = {isa = PBXBuildFile; fileRef = C92A473D199F250100FAA789 /* DummySpit.h */; settings = {ATTRIBUTES = (Public, ); }; };
		C92A4748199F250200FAA789 /* DummySpitTests.swift in Sources */ = {isa = PBXBuildFile; fileRef = C92A4747199F250200FAA789 /* DummySpitTests.swift */; };
		C92A4752199F259400FAA789 /* DummySpitURLProtocol.swift in Sources */ = {isa = PBXBuildFile; fileRef = C92A4751199F259400FAA789 /* DummySpitURLProtocol.swift */; };
		C9589EEF19A08DAE00F2B557 /* ClassUtility.swift in Sources */ = {isa = PBXBuildFile; fileRef = C9589EEE19A08DAE00F2B557 /* ClassUtility.swift */; };
		C959A01819A0A38300E07431 /* dummy.json in Resources */ = {isa = PBXBuildFile; fileRef = C959A01719A0A38300E07431 /* dummy.json */; };
		C9DD89721AF4877500AC2B26 /* Nimble.framework in Frameworks */ = {isa = PBXBuildFile; fileRef = C9DD89701AF4877500AC2B26 /* Nimble.framework */; };
		C9DD89731AF4877500AC2B26 /* Quick.framework in Frameworks */ = {isa = PBXBuildFile; fileRef = C9DD89711AF4877500AC2B26 /* Quick.framework */; };
		DDC816391AFA08C7004D99DD /* DummySpit-OSX.h in Headers */ = {isa = PBXBuildFile; fileRef = DDC816381AFA08C7004D99DD /* DummySpit-OSX.h */; settings = {ATTRIBUTES = (Public, ); }; };
		DDC8164D1AFA08D9004D99DD /* DummySpitURLProtocol.swift in Sources */ = {isa = PBXBuildFile; fileRef = C92A4751199F259400FAA789 /* DummySpitURLProtocol.swift */; };
		DDC8164E1AFA08DC004D99DD /* ClassUtility.swift in Sources */ = {isa = PBXBuildFile; fileRef = C9589EEE19A08DAE00F2B557 /* ClassUtility.swift */; };
		DDC8164F1AFA094C004D99DD /* DummySpitTests.swift in Sources */ = {isa = PBXBuildFile; fileRef = C92A4747199F250200FAA789 /* DummySpitTests.swift */; };
		DDC816551AFA0A59004D99DD /* Nimble.framework in Frameworks */ = {isa = PBXBuildFile; fileRef = DDC816501AFA0966004D99DD /* Nimble.framework */; };
		DDC816561AFA0A59004D99DD /* Quick.framework in Frameworks */ = {isa = PBXBuildFile; fileRef = DDC816511AFA0966004D99DD /* Quick.framework */; };
		DDC816591AFA0D6C004D99DD /* DummySpit.framework in Frameworks */ = {isa = PBXBuildFile; fileRef = DDC816341AFA08C7004D99DD /* DummySpit.framework */; };
		DDC8165B1AFA0F12004D99DD /* dummy.json in Resources */ = {isa = PBXBuildFile; fileRef = C959A01719A0A38300E07431 /* dummy.json */; };
		DDC8165D1AFA1040004D99DD /* Nimble.framework in CopyFiles */ = {isa = PBXBuildFile; fileRef = DDC816501AFA0966004D99DD /* Nimble.framework */; settings = {ATTRIBUTES = (CodeSignOnCopy, RemoveHeadersOnCopy, ); }; };
		DDC8165E1AFA1040004D99DD /* Quick.framework in CopyFiles */ = {isa = PBXBuildFile; fileRef = DDC816511AFA0966004D99DD /* Quick.framework */; settings = {ATTRIBUTES = (CodeSignOnCopy, RemoveHeadersOnCopy, ); }; };
/* End PBXBuildFile section */

/* Begin PBXContainerItemProxy section */
		DDC816401AFA08C7004D99DD /* PBXContainerItemProxy */ = {
			isa = PBXContainerItemProxy;
			containerPortal = C92A472F199F250100FAA789 /* Project object */;
			proxyType = 1;
			remoteGlobalIDString = DDC816331AFA08C7004D99DD;
			remoteInfo = "DummySpit-OSX";
		};
/* End PBXContainerItemProxy section */

/* Begin PBXCopyFilesBuildPhase section */
		DDC8165C1AFA1030004D99DD /* CopyFiles */ = {
			isa = PBXCopyFilesBuildPhase;
			buildActionMask = 2147483647;
			dstPath = "";
			dstSubfolderSpec = 10;
			files = (
				DDC8165D1AFA1040004D99DD /* Nimble.framework in CopyFiles */,
				DDC8165E1AFA1040004D99DD /* Quick.framework in CopyFiles */,
			);
			runOnlyForDeploymentPostprocessing = 0;
		};
/* End PBXCopyFilesBuildPhase section */

/* Begin PBXFileReference section */
		C90FDF2519E0288500E8A606 /* build_and_test.sh */ = {isa = PBXFileReference; fileEncoding = 4; lastKnownFileType = text.script.sh; path = build_and_test.sh; sourceTree = SOURCE_ROOT; };
		C92A4738199F250100FAA789 /* DummySpit.framework */ = {isa = PBXFileReference; explicitFileType = wrapper.framework; includeInIndex = 0; path = DummySpit.framework; sourceTree = BUILT_PRODUCTS_DIR; };
		C92A473C199F250100FAA789 /* Info.plist */ = {isa = PBXFileReference; lastKnownFileType = text.plist.xml; path = Info.plist; sourceTree = "<group>"; };
		C92A473D199F250100FAA789 /* DummySpit.h */ = {isa = PBXFileReference; lastKnownFileType = sourcecode.c.h; path = DummySpit.h; sourceTree = "<group>"; };
		C92A4743199F250200FAA789 /* DummySpitTests.xctest */ = {isa = PBXFileReference; explicitFileType = wrapper.cfbundle; includeInIndex = 0; path = DummySpitTests.xctest; sourceTree = BUILT_PRODUCTS_DIR; };
		C92A4746199F250200FAA789 /* Info.plist */ = {isa = PBXFileReference; lastKnownFileType = text.plist.xml; path = Info.plist; sourceTree = "<group>"; };
		C92A4747199F250200FAA789 /* DummySpitTests.swift */ = {isa = PBXFileReference; lastKnownFileType = sourcecode.swift; path = DummySpitTests.swift; sourceTree = "<group>"; };
		C92A4751199F259400FAA789 /* DummySpitURLProtocol.swift */ = {isa = PBXFileReference; fileEncoding = 4; lastKnownFileType = sourcecode.swift; path = DummySpitURLProtocol.swift; sourceTree = "<group>"; };
		C9589EEE19A08DAE00F2B557 /* ClassUtility.swift */ = {isa = PBXFileReference; fileEncoding = 4; lastKnownFileType = sourcecode.swift; path = ClassUtility.swift; sourceTree = "<group>"; };
		C959A01719A0A38300E07431 /* dummy.json */ = {isa = PBXFileReference; fileEncoding = 4; lastKnownFileType = text.json; path = dummy.json; sourceTree = "<group>"; };
		C9DD89701AF4877500AC2B26 /* Nimble.framework */ = {isa = PBXFileReference; lastKnownFileType = wrapper.framework; name = Nimble.framework; path = Carthage/Build/iOS/Nimble.framework; sourceTree = SOURCE_ROOT; };
		C9DD89711AF4877500AC2B26 /* Quick.framework */ = {isa = PBXFileReference; lastKnownFileType = wrapper.framework; name = Quick.framework; path = Carthage/Build/iOS/Quick.framework; sourceTree = SOURCE_ROOT; };
		DDC816341AFA08C7004D99DD /* DummySpit.framework */ = {isa = PBXFileReference; explicitFileType = wrapper.framework; includeInIndex = 0; path = DummySpit.framework; sourceTree = BUILT_PRODUCTS_DIR; };
		DDC816371AFA08C7004D99DD /* Info.plist */ = {isa = PBXFileReference; lastKnownFileType = text.plist.xml; path = Info.plist; sourceTree = "<group>"; };
		DDC816381AFA08C7004D99DD /* DummySpit-OSX.h */ = {isa = PBXFileReference; lastKnownFileType = sourcecode.c.h; path = "DummySpit-OSX.h"; sourceTree = "<group>"; };
		DDC8163E1AFA08C7004D99DD /* DummySpitOSXTests.xctest */ = {isa = PBXFileReference; explicitFileType = wrapper.cfbundle; includeInIndex = 0; path = DummySpitOSXTests.xctest; sourceTree = BUILT_PRODUCTS_DIR; };
		DDC816441AFA08C7004D99DD /* Info.plist */ = {isa = PBXFileReference; lastKnownFileType = text.plist.xml; path = Info.plist; sourceTree = "<group>"; };
		DDC816501AFA0966004D99DD /* Nimble.framework */ = {isa = PBXFileReference; lastKnownFileType = wrapper.framework; name = Nimble.framework; path = Carthage/Build/Mac/Nimble.framework; sourceTree = SOURCE_ROOT; };
		DDC816511AFA0966004D99DD /* Quick.framework */ = {isa = PBXFileReference; lastKnownFileType = wrapper.framework; name = Quick.framework; path = Carthage/Build/Mac/Quick.framework; sourceTree = SOURCE_ROOT; };
/* End PBXFileReference section */

/* Begin PBXFrameworksBuildPhase section */
		C92A4734199F250100FAA789 /* Frameworks */ = {
			isa = PBXFrameworksBuildPhase;
			buildActionMask = 2147483647;
			files = (
			);
			runOnlyForDeploymentPostprocessing = 0;
		};
		C92A4740199F250200FAA789 /* Frameworks */ = {
			isa = PBXFrameworksBuildPhase;
			buildActionMask = 2147483647;
			files = (
				C9DD89731AF4877500AC2B26 /* Quick.framework in Frameworks */,
				C9DD89721AF4877500AC2B26 /* Nimble.framework in Frameworks */,
			);
			runOnlyForDeploymentPostprocessing = 0;
		};
		DDC816301AFA08C7004D99DD /* Frameworks */ = {
			isa = PBXFrameworksBuildPhase;
			buildActionMask = 2147483647;
			files = (
			);
			runOnlyForDeploymentPostprocessing = 0;
		};
		DDC8163B1AFA08C7004D99DD /* Frameworks */ = {
			isa = PBXFrameworksBuildPhase;
			buildActionMask = 2147483647;
			files = (
				DDC816591AFA0D6C004D99DD /* DummySpit.framework in Frameworks */,
				DDC816551AFA0A59004D99DD /* Nimble.framework in Frameworks */,
				DDC816561AFA0A59004D99DD /* Quick.framework in Frameworks */,
			);
			runOnlyForDeploymentPostprocessing = 0;
		};
/* End PBXFrameworksBuildPhase section */

/* Begin PBXGroup section */
		C92A472E199F250100FAA789 = {
			isa = PBXGroup;
			children = (
				C92A473A199F250100FAA789 /* DummySpit */,
				C92A4744199F250200FAA789 /* DummySpitTests */,
				DDC816351AFA08C7004D99DD /* DummySpit-OSX */,
				DDC816421AFA08C7004D99DD /* DummySpit-OSXTests */,
				C92A4739199F250100FAA789 /* Products */,
			);
			sourceTree = "<group>";
		};
		C92A4739199F250100FAA789 /* Products */ = {
			isa = PBXGroup;
			children = (
				C92A4738199F250100FAA789 /* DummySpit.framework */,
				C92A4743199F250200FAA789 /* DummySpitTests.xctest */,
				DDC816341AFA08C7004D99DD /* DummySpit.framework */,
				DDC8163E1AFA08C7004D99DD /* DummySpitOSXTests.xctest */,
			);
			name = Products;
			sourceTree = "<group>";
		};
		C92A473A199F250100FAA789 /* DummySpit */ = {
			isa = PBXGroup;
			children = (
				C92A473D199F250100FAA789 /* DummySpit.h */,
				C92A473B199F250100FAA789 /* Supporting Files */,
				C92A4751199F259400FAA789 /* DummySpitURLProtocol.swift */,
				C9589EEE19A08DAE00F2B557 /* ClassUtility.swift */,
			);
			path = DummySpit;
			sourceTree = "<group>";
		};
		C92A473B199F250100FAA789 /* Supporting Files */ = {
			isa = PBXGroup;
			children = (
				C92A473C199F250100FAA789 /* Info.plist */,
			);
			name = "Supporting Files";
			sourceTree = "<group>";
		};
		C92A4744199F250200FAA789 /* DummySpitTests */ = {
			isa = PBXGroup;
			children = (
				C92A4747199F250200FAA789 /* DummySpitTests.swift */,
				C92A4745199F250200FAA789 /* Supporting Files */,
			);
			path = DummySpitTests;
			sourceTree = "<group>";
		};
		C92A4745199F250200FAA789 /* Supporting Files */ = {
			isa = PBXGroup;
			children = (
				C9DD89701AF4877500AC2B26 /* Nimble.framework */,
				C9DD89711AF4877500AC2B26 /* Quick.framework */,
				C90FDF2519E0288500E8A606 /* build_and_test.sh */,
				C92A4746199F250200FAA789 /* Info.plist */,
				C959A01719A0A38300E07431 /* dummy.json */,
			);
			name = "Supporting Files";
			sourceTree = "<group>";
		};
		DDC816351AFA08C7004D99DD /* DummySpit-OSX */ = {
			isa = PBXGroup;
			children = (
				DDC816381AFA08C7004D99DD /* DummySpit-OSX.h */,
				DDC816361AFA08C7004D99DD /* Supporting Files */,
			);
			path = "DummySpit-OSX";
			sourceTree = "<group>";
		};
		DDC816361AFA08C7004D99DD /* Supporting Files */ = {
			isa = PBXGroup;
			children = (
				DDC816371AFA08C7004D99DD /* Info.plist */,
			);
			name = "Supporting Files";
			sourceTree = "<group>";
		};
		DDC816421AFA08C7004D99DD /* DummySpit-OSXTests */ = {
			isa = PBXGroup;
			children = (
				DDC816431AFA08C7004D99DD /* Supporting Files */,
			);
			path = "DummySpit-OSXTests";
			sourceTree = "<group>";
		};
		DDC816431AFA08C7004D99DD /* Supporting Files */ = {
			isa = PBXGroup;
			children = (
				DDC816501AFA0966004D99DD /* Nimble.framework */,
				DDC816511AFA0966004D99DD /* Quick.framework */,
				DDC816441AFA08C7004D99DD /* Info.plist */,
			);
			name = "Supporting Files";
			sourceTree = "<group>";
		};
/* End PBXGroup section */

/* Begin PBXHeadersBuildPhase section */
		C92A4735199F250100FAA789 /* Headers */ = {
			isa = PBXHeadersBuildPhase;
			buildActionMask = 2147483647;
			files = (
				C92A473E199F250100FAA789 /* DummySpit.h in Headers */,
			);
			runOnlyForDeploymentPostprocessing = 0;
		};
		DDC816311AFA08C7004D99DD /* Headers */ = {
			isa = PBXHeadersBuildPhase;
			buildActionMask = 2147483647;
			files = (
				DDC816391AFA08C7004D99DD /* DummySpit-OSX.h in Headers */,
			);
			runOnlyForDeploymentPostprocessing = 0;
		};
/* End PBXHeadersBuildPhase section */

/* Begin PBXNativeTarget section */
		C92A4737199F250100FAA789 /* DummySpit */ = {
			isa = PBXNativeTarget;
			buildConfigurationList = C92A474B199F250200FAA789 /* Build configuration list for PBXNativeTarget "DummySpit" */;
			buildPhases = (
				C92A4733199F250100FAA789 /* Sources */,
				C92A4734199F250100FAA789 /* Frameworks */,
				C92A4735199F250100FAA789 /* Headers */,
				C92A4736199F250100FAA789 /* Resources */,
			);
			buildRules = (
			);
			dependencies = (
			);
			name = DummySpit;
			productName = DummySpit;
			productReference = C92A4738199F250100FAA789 /* DummySpit.framework */;
			productType = "com.apple.product-type.framework";
		};
		C92A4742199F250200FAA789 /* DummySpitTests */ = {
			isa = PBXNativeTarget;
			buildConfigurationList = C92A474E199F250200FAA789 /* Build configuration list for PBXNativeTarget "DummySpitTests" */;
			buildPhases = (
				C92A473F199F250200FAA789 /* Sources */,
				C92A4740199F250200FAA789 /* Frameworks */,
				C92A4741199F250200FAA789 /* Resources */,
				C9DD89741AF4878200AC2B26 /* ShellScript */,
			);
			buildRules = (
			);
			dependencies = (
			);
			name = DummySpitTests;
			productName = DummySpitTests;
			productReference = C92A4743199F250200FAA789 /* DummySpitTests.xctest */;
			productType = "com.apple.product-type.bundle.unit-test";
		};
		DDC816331AFA08C7004D99DD /* DummySpitOSX */ = {
			isa = PBXNativeTarget;
			buildConfigurationList = DDC8164B1AFA08C7004D99DD /* Build configuration list for PBXNativeTarget "DummySpitOSX" */;
			buildPhases = (
				DDC8162F1AFA08C7004D99DD /* Sources */,
				DDC816301AFA08C7004D99DD /* Frameworks */,
				DDC816311AFA08C7004D99DD /* Headers */,
				DDC816321AFA08C7004D99DD /* Resources */,
			);
			buildRules = (
			);
			dependencies = (
			);
			name = DummySpitOSX;
			productName = "DummySpit-OSX";
			productReference = DDC816341AFA08C7004D99DD /* DummySpit.framework */;
			productType = "com.apple.product-type.framework";
		};
		DDC8163D1AFA08C7004D99DD /* DummySpitOSXTests */ = {
			isa = PBXNativeTarget;
			buildConfigurationList = DDC8164C1AFA08C7004D99DD /* Build configuration list for PBXNativeTarget "DummySpitOSXTests" */;
			buildPhases = (
				DDC8163A1AFA08C7004D99DD /* Sources */,
				DDC8163B1AFA08C7004D99DD /* Frameworks */,
				DDC8163C1AFA08C7004D99DD /* Resources */,
				DDC8165C1AFA1030004D99DD /* CopyFiles */,
			);
			buildRules = (
			);
			dependencies = (
				DDC816411AFA08C7004D99DD /* PBXTargetDependency */,
			);
			name = DummySpitOSXTests;
			productName = "DummySpit-OSXTests";
			productReference = DDC8163E1AFA08C7004D99DD /* DummySpitOSXTests.xctest */;
			productType = "com.apple.product-type.bundle.unit-test";
		};
/* End PBXNativeTarget section */

/* Begin PBXProject section */
		C92A472F199F250100FAA789 /* Project object */ = {
			isa = PBXProject;
			attributes = {
				LastUpgradeCheck = 0600;
				ORGANIZATIONNAME = "Matthew Delves";
				TargetAttributes = {
					C92A4737199F250100FAA789 = {
						CreatedOnToolsVersion = 6.0;
					};
					C92A4742199F250200FAA789 = {
						CreatedOnToolsVersion = 6.0;
					};
					DDC816331AFA08C7004D99DD = {
						CreatedOnToolsVersion = 6.4;
					};
					DDC8163D1AFA08C7004D99DD = {
						CreatedOnToolsVersion = 6.4;
					};
				};
			};
			buildConfigurationList = C92A4732199F250100FAA789 /* Build configuration list for PBXProject "DummySpit" */;
			compatibilityVersion = "Xcode 3.2";
			developmentRegion = English;
			hasScannedForEncodings = 0;
			knownRegions = (
				en,
			);
			mainGroup = C92A472E199F250100FAA789;
			productRefGroup = C92A4739199F250100FAA789 /* Products */;
			projectDirPath = "";
			projectRoot = "";
			targets = (
				C92A4737199F250100FAA789 /* DummySpit */,
				C92A4742199F250200FAA789 /* DummySpitTests */,
				DDC816331AFA08C7004D99DD /* DummySpitOSX */,
				DDC8163D1AFA08C7004D99DD /* DummySpitOSXTests */,
			);
		};
/* End PBXProject section */

/* Begin PBXResourcesBuildPhase section */
		C92A4736199F250100FAA789 /* Resources */ = {
			isa = PBXResourcesBuildPhase;
			buildActionMask = 2147483647;
			files = (
			);
			runOnlyForDeploymentPostprocessing = 0;
		};
		C92A4741199F250200FAA789 /* Resources */ = {
			isa = PBXResourcesBuildPhase;
			buildActionMask = 2147483647;
			files = (
				C959A01819A0A38300E07431 /* dummy.json in Resources */,
				C90FDF2619E0288500E8A606 /* build_and_test.sh in Resources */,
			);
			runOnlyForDeploymentPostprocessing = 0;
		};
		DDC816321AFA08C7004D99DD /* Resources */ = {
			isa = PBXResourcesBuildPhase;
			buildActionMask = 2147483647;
			files = (
			);
			runOnlyForDeploymentPostprocessing = 0;
		};
		DDC8163C1AFA08C7004D99DD /* Resources */ = {
			isa = PBXResourcesBuildPhase;
			buildActionMask = 2147483647;
			files = (
				DDC8165B1AFA0F12004D99DD /* dummy.json in Resources */,
			);
			runOnlyForDeploymentPostprocessing = 0;
		};
/* End PBXResourcesBuildPhase section */

/* Begin PBXShellScriptBuildPhase section */
		C9DD89741AF4878200AC2B26 /* ShellScript */ = {
			isa = PBXShellScriptBuildPhase;
			buildActionMask = 2147483647;
			files = (
			);
			inputPaths = (
				"$(SRCROOT)/Carthage/Build/iOS/Quick.framework",
				"$(SRCROOT)/Carthage/Build/iOS/Nimble.framework",
			);
			outputPaths = (
			);
			runOnlyForDeploymentPostprocessing = 0;
			shellPath = /bin/sh;
			shellScript = "/usr/local/bin/carthage copy-frameworks";
		};
/* End PBXShellScriptBuildPhase section */

/* Begin PBXSourcesBuildPhase section */
		C92A4733199F250100FAA789 /* Sources */ = {
			isa = PBXSourcesBuildPhase;
			buildActionMask = 2147483647;
			files = (
				C92A4752199F259400FAA789 /* DummySpitURLProtocol.swift in Sources */,
				C9589EEF19A08DAE00F2B557 /* ClassUtility.swift in Sources */,
			);
			runOnlyForDeploymentPostprocessing = 0;
		};
		C92A473F199F250200FAA789 /* Sources */ = {
			isa = PBXSourcesBuildPhase;
			buildActionMask = 2147483647;
			files = (
				C92A4748199F250200FAA789 /* DummySpitTests.swift in Sources */,
			);
			runOnlyForDeploymentPostprocessing = 0;
		};
		DDC8162F1AFA08C7004D99DD /* Sources */ = {
			isa = PBXSourcesBuildPhase;
			buildActionMask = 2147483647;
			files = (
				DDC8164D1AFA08D9004D99DD /* DummySpitURLProtocol.swift in Sources */,
				DDC8164E1AFA08DC004D99DD /* ClassUtility.swift in Sources */,
			);
			runOnlyForDeploymentPostprocessing = 0;
		};
		DDC8163A1AFA08C7004D99DD /* Sources */ = {
			isa = PBXSourcesBuildPhase;
			buildActionMask = 2147483647;
			files = (
				DDC8164F1AFA094C004D99DD /* DummySpitTests.swift in Sources */,
			);
			runOnlyForDeploymentPostprocessing = 0;
		};
/* End PBXSourcesBuildPhase section */

/* Begin PBXTargetDependency section */
		DDC816411AFA08C7004D99DD /* PBXTargetDependency */ = {
			isa = PBXTargetDependency;
			target = DDC816331AFA08C7004D99DD /* DummySpitOSX */;
			targetProxy = DDC816401AFA08C7004D99DD /* PBXContainerItemProxy */;
		};
/* End PBXTargetDependency section */

/* Begin XCBuildConfiguration section */
		C92A4749199F250200FAA789 /* Debug */ = {
			isa = XCBuildConfiguration;
			buildSettings = {
				ALWAYS_SEARCH_USER_PATHS = NO;
				CLANG_CXX_LANGUAGE_STANDARD = "gnu++0x";
				CLANG_CXX_LIBRARY = "libc++";
				CLANG_ENABLE_MODULES = YES;
				CLANG_ENABLE_OBJC_ARC = YES;
				CLANG_WARN_BOOL_CONVERSION = YES;
				CLANG_WARN_CONSTANT_CONVERSION = YES;
				CLANG_WARN_DIRECT_OBJC_ISA_USAGE = YES_ERROR;
				CLANG_WARN_EMPTY_BODY = YES;
				CLANG_WARN_ENUM_CONVERSION = YES;
				CLANG_WARN_INT_CONVERSION = YES;
				CLANG_WARN_OBJC_ROOT_CLASS = YES_ERROR;
				CLANG_WARN_UNREACHABLE_CODE = YES;
				CLANG_WARN__DUPLICATE_METHOD_MATCH = YES;
				"CODE_SIGN_IDENTITY[sdk=iphoneos*]" = "iPhone Developer";
				COPY_PHASE_STRIP = NO;
				CURRENT_PROJECT_VERSION = 1;
				ENABLE_STRICT_OBJC_MSGSEND = YES;
				GCC_C_LANGUAGE_STANDARD = gnu99;
				GCC_DYNAMIC_NO_PIC = NO;
				GCC_OPTIMIZATION_LEVEL = 0;
				GCC_PREPROCESSOR_DEFINITIONS = (
					"DEBUG=1",
					"$(inherited)",
				);
				GCC_SYMBOLS_PRIVATE_EXTERN = NO;
				GCC_WARN_64_TO_32_BIT_CONVERSION = YES;
				GCC_WARN_ABOUT_RETURN_TYPE = YES_ERROR;
				GCC_WARN_UNDECLARED_SELECTOR = YES;
				GCC_WARN_UNINITIALIZED_AUTOS = YES_AGGRESSIVE;
				GCC_WARN_UNUSED_FUNCTION = YES;
				GCC_WARN_UNUSED_VARIABLE = YES;
				IPHONEOS_DEPLOYMENT_TARGET = 8.0;
				MTL_ENABLE_DEBUG_INFO = YES;
				ONLY_ACTIVE_ARCH = YES;
				SDKROOT = iphoneos;
				SWIFT_OPTIMIZATION_LEVEL = "-Onone";
				TARGETED_DEVICE_FAMILY = "1,2";
				VERSIONING_SYSTEM = "apple-generic";
				VERSION_INFO_PREFIX = "";
			};
			name = Debug;
		};
		C92A474A199F250200FAA789 /* Release */ = {
			isa = XCBuildConfiguration;
			buildSettings = {
				ALWAYS_SEARCH_USER_PATHS = NO;
				CLANG_CXX_LANGUAGE_STANDARD = "gnu++0x";
				CLANG_CXX_LIBRARY = "libc++";
				CLANG_ENABLE_MODULES = YES;
				CLANG_ENABLE_OBJC_ARC = YES;
				CLANG_WARN_BOOL_CONVERSION = YES;
				CLANG_WARN_CONSTANT_CONVERSION = YES;
				CLANG_WARN_DIRECT_OBJC_ISA_USAGE = YES_ERROR;
				CLANG_WARN_EMPTY_BODY = YES;
				CLANG_WARN_ENUM_CONVERSION = YES;
				CLANG_WARN_INT_CONVERSION = YES;
				CLANG_WARN_OBJC_ROOT_CLASS = YES_ERROR;
				CLANG_WARN_UNREACHABLE_CODE = YES;
				CLANG_WARN__DUPLICATE_METHOD_MATCH = YES;
				"CODE_SIGN_IDENTITY[sdk=iphoneos*]" = "iPhone Developer";
				COPY_PHASE_STRIP = YES;
				CURRENT_PROJECT_VERSION = 1;
				ENABLE_NS_ASSERTIONS = NO;
				ENABLE_STRICT_OBJC_MSGSEND = YES;
				GCC_C_LANGUAGE_STANDARD = gnu99;
				GCC_WARN_64_TO_32_BIT_CONVERSION = YES;
				GCC_WARN_ABOUT_RETURN_TYPE = YES_ERROR;
				GCC_WARN_UNDECLARED_SELECTOR = YES;
				GCC_WARN_UNINITIALIZED_AUTOS = YES_AGGRESSIVE;
				GCC_WARN_UNUSED_FUNCTION = YES;
				GCC_WARN_UNUSED_VARIABLE = YES;
				IPHONEOS_DEPLOYMENT_TARGET = 8.0;
				MTL_ENABLE_DEBUG_INFO = NO;
				SDKROOT = iphoneos;
				TARGETED_DEVICE_FAMILY = "1,2";
				VALIDATE_PRODUCT = YES;
				VERSIONING_SYSTEM = "apple-generic";
				VERSION_INFO_PREFIX = "";
			};
			name = Release;
		};
		C92A474C199F250200FAA789 /* Debug */ = {
			isa = XCBuildConfiguration;
			buildSettings = {
				APPLICATION_EXTENSION_API_ONLY = YES;
				CLANG_ENABLE_MODULES = YES;
				DEFINES_MODULE = YES;
				DYLIB_COMPATIBILITY_VERSION = 1;
				DYLIB_CURRENT_VERSION = 1;
				DYLIB_INSTALL_NAME_BASE = "@rpath";
				INFOPLIST_FILE = DummySpit/Info.plist;
				INSTALL_PATH = "$(LOCAL_LIBRARY_DIR)/Frameworks";
				LD_RUNPATH_SEARCH_PATHS = "$(inherited) @executable_path/Frameworks @loader_path/Frameworks";
				ONLY_ACTIVE_ARCH = NO;
				PRODUCT_NAME = "$(TARGET_NAME)";
				SKIP_INSTALL = YES;
				SWIFT_OPTIMIZATION_LEVEL = "-Onone";
			};
			name = Debug;
		};
		C92A474D199F250200FAA789 /* Release */ = {
			isa = XCBuildConfiguration;
			buildSettings = {
				APPLICATION_EXTENSION_API_ONLY = YES;
				CLANG_ENABLE_MODULES = YES;
				DEFINES_MODULE = YES;
				DYLIB_COMPATIBILITY_VERSION = 1;
				DYLIB_CURRENT_VERSION = 1;
				DYLIB_INSTALL_NAME_BASE = "@rpath";
				INFOPLIST_FILE = DummySpit/Info.plist;
				INSTALL_PATH = "$(LOCAL_LIBRARY_DIR)/Frameworks";
				LD_RUNPATH_SEARCH_PATHS = "$(inherited) @executable_path/Frameworks @loader_path/Frameworks";
				ONLY_ACTIVE_ARCH = NO;
				PRODUCT_NAME = "$(TARGET_NAME)";
				SKIP_INSTALL = YES;
			};
			name = Release;
		};
		C92A474F199F250200FAA789 /* Debug */ = {
			isa = XCBuildConfiguration;
			buildSettings = {
				FRAMEWORK_SEARCH_PATHS = (
					"$(SDKROOT)/Developer/Library/Frameworks",
					"$(inherited)",
					"$(PROJECT_DIR)/Carthage/Build/iOS",
				);
				GCC_PREPROCESSOR_DEFINITIONS = (
					"DEBUG=1",
					"$(inherited)",
				);
				INFOPLIST_FILE = DummySpitTests/Info.plist;
				LD_RUNPATH_SEARCH_PATHS = "$(inherited) @executable_path/Frameworks @loader_path/Frameworks";
				ONLY_ACTIVE_ARCH = NO;
				PRODUCT_NAME = "$(TARGET_NAME)";
			};
			name = Debug;
		};
		C92A4750199F250200FAA789 /* Release */ = {
			isa = XCBuildConfiguration;
			buildSettings = {
				FRAMEWORK_SEARCH_PATHS = (
					"$(SDKROOT)/Developer/Library/Frameworks",
					"$(inherited)",
					"$(PROJECT_DIR)/Carthage/Build/iOS",
				);
				INFOPLIST_FILE = DummySpitTests/Info.plist;
				LD_RUNPATH_SEARCH_PATHS = "$(inherited) @executable_path/Frameworks @loader_path/Frameworks";
				ONLY_ACTIVE_ARCH = NO;
				PRODUCT_NAME = "$(TARGET_NAME)";
			};
			name = Release;
		};
		DDC816471AFA08C7004D99DD /* Debug */ = {
			isa = XCBuildConfiguration;
			buildSettings = {
				COMBINE_HIDPI_IMAGES = YES;
				DEBUG_INFORMATION_FORMAT = dwarf;
				DEFINES_MODULE = YES;
				DYLIB_COMPATIBILITY_VERSION = 1;
				DYLIB_CURRENT_VERSION = 1;
				DYLIB_INSTALL_NAME_BASE = "@rpath";
				FRAMEWORK_VERSION = A;
				GCC_NO_COMMON_BLOCKS = YES;
				GCC_PREPROCESSOR_DEFINITIONS = (
					"DEBUG=1",
					"$(inherited)",
				);
				INFOPLIST_FILE = "DummySpit-OSX/Info.plist";
				INSTALL_PATH = "$(LOCAL_LIBRARY_DIR)/Frameworks";
				LD_RUNPATH_SEARCH_PATHS = "$(inherited) @executable_path/../Frameworks @loader_path/Frameworks";
				MACOSX_DEPLOYMENT_TARGET = 10.10;
				PRODUCT_NAME = DummySpit;
				SDKROOT = macosx;
				SKIP_INSTALL = YES;
			};
			name = Debug;
		};
		DDC816481AFA08C7004D99DD /* Release */ = {
			isa = XCBuildConfiguration;
			buildSettings = {
				COMBINE_HIDPI_IMAGES = YES;
				COPY_PHASE_STRIP = NO;
				DEBUG_INFORMATION_FORMAT = "dwarf-with-dsym";
				DEFINES_MODULE = YES;
				DYLIB_COMPATIBILITY_VERSION = 1;
				DYLIB_CURRENT_VERSION = 1;
				DYLIB_INSTALL_NAME_BASE = "@rpath";
				FRAMEWORK_VERSION = A;
				GCC_NO_COMMON_BLOCKS = YES;
				INFOPLIST_FILE = "DummySpit-OSX/Info.plist";
				INSTALL_PATH = "$(LOCAL_LIBRARY_DIR)/Frameworks";
				LD_RUNPATH_SEARCH_PATHS = "$(inherited) @executable_path/../Frameworks @loader_path/Frameworks";
				MACOSX_DEPLOYMENT_TARGET = 10.10;
				PRODUCT_NAME = DummySpit;
				SDKROOT = macosx;
				SKIP_INSTALL = YES;
			};
			name = Release;
		};
		DDC816491AFA08C7004D99DD /* Debug */ = {
			isa = XCBuildConfiguration;
			buildSettings = {
				COMBINE_HIDPI_IMAGES = YES;
				DEBUG_INFORMATION_FORMAT = dwarf;
				FRAMEWORK_SEARCH_PATHS = (
					"$(DEVELOPER_FRAMEWORKS_DIR)",
					"$(inherited)",
					"$(PROJECT_DIR)/Carthage/Build/Mac",
				);
				GCC_NO_COMMON_BLOCKS = YES;
				GCC_PREPROCESSOR_DEFINITIONS = (
					"DEBUG=1",
					"$(inherited)",
				);
				INFOPLIST_FILE = "DummySpit-OSXTests/Info.plist";
				LD_RUNPATH_SEARCH_PATHS = "$(inherited) @executable_path/../Frameworks @loader_path/../Frameworks";
				MACOSX_DEPLOYMENT_TARGET = 10.10;
				PRODUCT_NAME = "$(TARGET_NAME)";
				SDKROOT = macosx;
			};
			name = Debug;
		};
		DDC8164A1AFA08C7004D99DD /* Release */ = {
			isa = XCBuildConfiguration;
			buildSettings = {
				COMBINE_HIDPI_IMAGES = YES;
				COPY_PHASE_STRIP = NO;
				DEBUG_INFORMATION_FORMAT = "dwarf-with-dsym";
				FRAMEWORK_SEARCH_PATHS = (
					"$(DEVELOPER_FRAMEWORKS_DIR)",
					"$(inherited)",
					"$(PROJECT_DIR)/Carthage/Build/Mac",
				);
				GCC_NO_COMMON_BLOCKS = YES;
				INFOPLIST_FILE = "DummySpit-OSXTests/Info.plist";
				LD_RUNPATH_SEARCH_PATHS = "$(inherited) @executable_path/../Frameworks @loader_path/../Frameworks";
				MACOSX_DEPLOYMENT_TARGET = 10.10;
				PRODUCT_NAME = "$(TARGET_NAME)";
				SDKROOT = macosx;
			};
			name = Release;
		};
/* End XCBuildConfiguration section */

/* Begin XCConfigurationList section */
		C92A4732199F250100FAA789 /* Build configuration list for PBXProject "DummySpit" */ = {
			isa = XCConfigurationList;
			buildConfigurations = (
				C92A4749199F250200FAA789 /* Debug */,
				C92A474A199F250200FAA789 /* Release */,
			);
			defaultConfigurationIsVisible = 0;
			defaultConfigurationName = Release;
		};
		C92A474B199F250200FAA789 /* Build configuration list for PBXNativeTarget "DummySpit" */ = {
			isa = XCConfigurationList;
			buildConfigurations = (
				C92A474C199F250200FAA789 /* Debug */,
				C92A474D199F250200FAA789 /* Release */,
			);
			defaultConfigurationIsVisible = 0;
			defaultConfigurationName = Release;
		};
		C92A474E199F250200FAA789 /* Build configuration list for PBXNativeTarget "DummySpitTests" */ = {
			isa = XCConfigurationList;
			buildConfigurations = (
				C92A474F199F250200FAA789 /* Debug */,
				C92A4750199F250200FAA789 /* Release */,
			);
			defaultConfigurationIsVisible = 0;
			defaultConfigurationName = Release;
		};
		DDC8164B1AFA08C7004D99DD /* Build configuration list for PBXNativeTarget "DummySpitOSX" */ = {
			isa = XCConfigurationList;
			buildConfigurations = (
				DDC816471AFA08C7004D99DD /* Debug */,
				DDC816481AFA08C7004D99DD /* Release */,
			);
			defaultConfigurationIsVisible = 0;
		};
		DDC8164C1AFA08C7004D99DD /* Build configuration list for PBXNativeTarget "DummySpitOSXTests" */ = {
			isa = XCConfigurationList;
			buildConfigurations = (
				DDC816491AFA08C7004D99DD /* Debug */,
				DDC8164A1AFA08C7004D99DD /* Release */,
			);
			defaultConfigurationIsVisible = 0;
		};
/* End XCConfigurationList section */
	};
	rootObject = C92A472F199F250100FAA789 /* Project object */;
}
